
Microsoft Visual Studio Solution File, Format Version 12.00
# Visual Studio Version 16
VisualStudioVersion = 16.0.30503.244
MinimumVisualStudioVersion = 10.0.40219.1
Project("{FAE04EC0-301F-11D3-BF4B-00C04F79EFBC}") = "ExercicioComLinq", "ExercicioComLinq\ExercicioComLinq.csproj", "{0152A09B-6E05-4B71-B259-1AFF187A337B}"
EndProject
Global
	GlobalSection(SolutionConfigurationPlatforms) = preSolution
		Debug|Any CPU = Debug|Any CPU
		Release|Any CPU = Release|Any CPU
	EndGlobalSection
	GlobalSection(ProjectConfigurationPlatforms) = postSolution
		{0152A09B-6E05-4B71-B259-1AFF187A337B}.Debug|Any CPU.ActiveCfg = Debug|Any CPU
		{0152A09B-6E05-4B71-B259-1AFF187A337B}.Debug|Any CPU.Build.0 = Debug|Any CPU
		{0152A09B-6E05-4B71-B259-1AFF187A337B}.Release|Any CPU.ActiveCfg = Release|Any CPU
		{0152A09B-6E05-4B71-B259-1AFF187A337B}.Release|Any CPU.Build.0 = Release|Any CPU
	EndGlobalSection
	GlobalSection(SolutionProperties) = preSolution
		HideSolutionNode = FALSE
	EndGlobalSection
	GlobalSection(ExtensibilityGlobals) = postSolution
		SolutionGuid = {75B4F25F-0C48-49AF-B378-966989EF3991}
	EndGlobalSection
EndGlobal
